// !$*UTF8*$!
{
	archiveVersion = 1;
	classes = {
	};
	objectVersion = 46;
	objects = {

/* Begin PBXBuildFile section */
		21ED3A481F12E26A00377C4A /* main.m in Sources */ = {isa = PBXBuildFile; fileRef = 21ED3A471F12E26A00377C4A /* main.m */; };
		21ED3A4B1F12E26A00377C4A /* AppDelegate.m in Sources */ = {isa = PBXBuildFile; fileRef = 21ED3A4A1F12E26A00377C4A /* AppDelegate.m */; };
		21ED3A4E1F12E26A00377C4A /* MasterViewController.m in Sources */ = {isa = PBXBuildFile; fileRef = 21ED3A4D1F12E26A00377C4A /* MasterViewController.m */; };
		21ED3A511F12E26A00377C4A /* DetailViewController.m in Sources */ = {isa = PBXBuildFile; fileRef = 21ED3A501F12E26A00377C4A /* DetailViewController.m */; };
		21ED3A541F12E26A00377C4A /* Main.storyboard in Resources */ = {isa = PBXBuildFile; fileRef = 21ED3A521F12E26A00377C4A /* Main.storyboard */; };
		21ED3A561F12E26A00377C4A /* Assets.xcassets in Resources */ = {isa = PBXBuildFile; fileRef = 21ED3A551F12E26A00377C4A /* Assets.xcassets */; };
		21ED3A591F12E26A00377C4A /* LaunchScreen.storyboard in Resources */ = {isa = PBXBuildFile; fileRef = 21ED3A571F12E26A00377C4A /* LaunchScreen.storyboard */; };
		21ED3A641F12E26B00377C4A /* ScaryBugsTests.m in Sources */ = {isa = PBXBuildFile; fileRef = 21ED3A631F12E26B00377C4A /* ScaryBugsTests.m */; };
		21ED3A6F1F12E26B00377C4A /* ScaryBugsUITests.m in Sources */ = {isa = PBXBuildFile; fileRef = 21ED3A6E1F12E26B00377C4A /* ScaryBugsUITests.m */; };
/* End PBXBuildFile section */

/* Begin PBXContainerItemProxy section */
		21ED3A601F12E26A00377C4A /* PBXContainerItemProxy */ = {
			isa = PBXContainerItemProxy;
			containerPortal = 21ED3A3B1F12E26A00377C4A /* Project object */;
			proxyType = 1;
			remoteGlobalIDString = 21ED3A421F12E26A00377C4A;
			remoteInfo = ScaryBugs;
		};
		21ED3A6B1F12E26B00377C4A /* PBXContainerItemProxy */ = {
			isa = PBXContainerItemProxy;
			containerPortal = 21ED3A3B1F12E26A00377C4A /* Project object */;
			proxyType = 1;
			remoteGlobalIDString = 21ED3A421F12E26A00377C4A;
			remoteInfo = ScaryBugs;
		};
/* End PBXContainerItemProxy section */

/* Begin PBXFileReference section */
		21ED3A431F12E26A00377C4A /* ScaryBugs.app */ = {isa = PBXFileReference; explicitFileType = wrapper.application; includeInIndex = 0; path = ScaryBugs.app; sourceTree = BUILT_PRODUCTS_DIR; };
		21ED3A471F12E26A00377C4A /* main.m */ = {isa = PBXFileReference; lastKnownFileType = sourcecode.c.objc; path = main.m; sourceTree = "<group>"; };
		21ED3A491F12E26A00377C4A /* AppDelegate.h */ = {isa = PBXFileReference; lastKnownFileType = sourcecode.c.h; path = AppDelegate.h; sourceTree = "<group>"; };
		21ED3A4A1F12E26A00377C4A /* AppDelegate.m */ = {isa = PBXFileReference; lastKnownFileType = sourcecode.c.objc; path = AppDelegate.m; sourceTree = "<group>"; };
		21ED3A4C1F12E26A00377C4A /* MasterViewController.h */ = {isa = PBXFileReference; lastKnownFileType = sourcecode.c.h; path = MasterViewController.h; sourceTree = "<group>"; };
		21ED3A4D1F12E26A00377C4A /* MasterViewController.m */ = {isa = PBXFileReference; lastKnownFileType = sourcecode.c.objc; path = MasterViewController.m; sourceTree = "<group>"; };
		21ED3A4F1F12E26A00377C4A /* DetailViewController.h */ = {isa = PBXFileReference; lastKnownFileType = sourcecode.c.h; path = DetailViewController.h; sourceTree = "<group>"; };
		21ED3A501F12E26A00377C4A /* DetailViewController.m */ = {isa = PBXFileReference; lastKnownFileType = sourcecode.c.objc; path = DetailViewController.m; sourceTree = "<group>"; };
		21ED3A531F12E26A00377C4A /* Base */ = {isa = PBXFileReference; lastKnownFileType = file.storyboard; name = Base; path = Base.lproj/Main.storyboard; sourceTree = "<group>"; };
		21ED3A551F12E26A00377C4A /* Assets.xcassets */ = {isa = PBXFileReference; lastKnownFileType = folder.assetcatalog; path = Assets.xcassets; sourceTree = "<group>"; };
		21ED3A581F12E26A00377C4A /* Base */ = {isa = PBXFileReference; lastKnownFileType = file.storyboard; name = Base; path = Base.lproj/LaunchScreen.storyboard; sourceTree = "<group>"; };
		21ED3A5A1F12E26A00377C4A /* Info.plist */ = {isa = PBXFileReference; lastKnownFileType = text.plist.xml; path = Info.plist; sourceTree = "<group>"; };
		21ED3A5F1F12E26A00377C4A /* ScaryBugsTests.xctest */ = {isa = PBXFileReference; explicitFileType = wrapper.cfbundle; includeInIndex = 0; path = ScaryBugsTests.xctest; sourceTree = BUILT_PRODUCTS_DIR; };
		21ED3A631F12E26B00377C4A /* ScaryBugsTests.m */ = {isa = PBXFileReference; lastKnownFileType = sourcecode.c.objc; path = ScaryBugsTests.m; sourceTree = "<group>"; };
		21ED3A651F12E26B00377C4A /* Info.plist */ = {isa = PBXFileReference; lastKnownFileType = text.plist.xml; path = Info.plist; sourceTree = "<group>"; };
		21ED3A6A1F12E26B00377C4A /* ScaryBugsUITests.xctest */ = {isa = PBXFileReference; explicitFileType = wrapper.cfbundle; includeInIndex = 0; path = ScaryBugsUITests.xctest; sourceTree = BUILT_PRODUCTS_DIR; };
		21ED3A6E1F12E26B00377C4A /* ScaryBugsUITests.m */ = {isa = PBXFileReference; lastKnownFileType = sourcecode.c.objc; path = ScaryBugsUITests.m; sourceTree = "<group>"; };
		21ED3A701F12E26B00377C4A /* Info.plist */ = {isa = PBXFileReference; lastKnownFileType = text.plist.xml; path = Info.plist; sourceTree = "<group>"; };
/* End PBXFileReference section */

/* Begin PBXFrameworksBuildPhase section */
		21ED3A401F12E26A00377C4A /* Frameworks */ = {
			isa = PBXFrameworksBuildPhase;
			buildActionMask = 2147483647;
			files = (
			);
			runOnlyForDeploymentPostprocessing = 0;
		};
		21ED3A5C1F12E26A00377C4A /* Frameworks */ = {
			isa = PBXFrameworksBuildPhase;
			buildActionMask = 2147483647;
			files = (
			);
			runOnlyForDeploymentPostprocessing = 0;
		};
		21ED3A671F12E26B00377C4A /* Frameworks */ = {
			isa = PBXFrameworksBuildPhase;
			buildActionMask = 2147483647;
			files = (
			);
			runOnlyForDeploymentPostprocessing = 0;
		};
/* End PBXFrameworksBuildPhase section */

/* Begin PBXGroup section */
		21ED3A3A1F12E26A00377C4A = {
			isa = PBXGroup;
			children = (
				21ED3A451F12E26A00377C4A /* ScaryBugs */,
				21ED3A621F12E26B00377C4A /* ScaryBugsTests */,
				21ED3A6D1F12E26B00377C4A /* ScaryBugsUITests */,
				21ED3A441F12E26A00377C4A /* Products */,
			);
			sourceTree = "<group>";
		};
		21ED3A441F12E26A00377C4A /* Products */ = {
			isa = PBXGroup;
			children = (
				21ED3A431F12E26A00377C4A /* ScaryBugs.app */,
				21ED3A5F1F12E26A00377C4A /* ScaryBugsTests.xctest */,
				21ED3A6A1F12E26B00377C4A /* ScaryBugsUITests.xctest */,
			);
			name = Products;
			sourceTree = "<group>";
		};
		21ED3A451F12E26A00377C4A /* ScaryBugs */ = {
			isa = PBXGroup;
			children = (
				21ED3A491F12E26A00377C4A /* AppDelegate.h */,
				21ED3A4A1F12E26A00377C4A /* AppDelegate.m */,
				21ED3A4C1F12E26A00377C4A /* MasterViewController.h */,
				21ED3A4D1F12E26A00377C4A /* MasterViewController.m */,
				21ED3A4F1F12E26A00377C4A /* DetailViewController.h */,
				21ED3A501F12E26A00377C4A /* DetailViewController.m */,
				21ED3A521F12E26A00377C4A /* Main.storyboard */,
				21ED3A551F12E26A00377C4A /* Assets.xcassets */,
				21ED3A571F12E26A00377C4A /* LaunchScreen.storyboard */,
				21ED3A5A1F12E26A00377C4A /* Info.plist */,
				21ED3A461F12E26A00377C4A /* Supporting Files */,
			);
			path = ScaryBugs;
			sourceTree = "<group>";
		};
		21ED3A461F12E26A00377C4A /* Supporting Files */ = {
			isa = PBXGroup;
			children = (
				21ED3A471F12E26A00377C4A /* main.m */,
			);
			name = "Supporting Files";
			sourceTree = "<group>";
		};
		21ED3A621F12E26B00377C4A /* ScaryBugsTests */ = {
			isa = PBXGroup;
			children = (
				21ED3A631F12E26B00377C4A /* ScaryBugsTests.m */,
				21ED3A651F12E26B00377C4A /* Info.plist */,
			);
			path = ScaryBugsTests;
			sourceTree = "<group>";
		};
		21ED3A6D1F12E26B00377C4A /* ScaryBugsUITests */ = {
			isa = PBXGroup;
			children = (
				21ED3A6E1F12E26B00377C4A /* ScaryBugsUITests.m */,
				21ED3A701F12E26B00377C4A /* Info.plist */,
			);
			path = ScaryBugsUITests;
			sourceTree = "<group>";
		};
/* End PBXGroup section */

/* Begin PBXNativeTarget section */
		21ED3A421F12E26A00377C4A /* ScaryBugs */ = {
			isa = PBXNativeTarget;
			buildConfigurationList = 21ED3A731F12E26B00377C4A /* Build configuration list for PBXNativeTarget "ScaryBugs" */;
			buildPhases = (
				21ED3A3F1F12E26A00377C4A /* Sources */,
				21ED3A401F12E26A00377C4A /* Frameworks */,
				21ED3A411F12E26A00377C4A /* Resources */,
			);
			buildRules = (
			);
			dependencies = (
			);
			name = ScaryBugs;
			productName = ScaryBugs;
			productReference = 21ED3A431F12E26A00377C4A /* ScaryBugs.app */;
			productType = "com.apple.product-type.application";
		};
		21ED3A5E1F12E26A00377C4A /* ScaryBugsTests */ = {
			isa = PBXNativeTarget;
			buildConfigurationList = 21ED3A761F12E26B00377C4A /* Build configuration list for PBXNativeTarget "ScaryBugsTests" */;
			buildPhases = (
				21ED3A5B1F12E26A00377C4A /* Sources */,
				21ED3A5C1F12E26A00377C4A /* Frameworks */,
				21ED3A5D1F12E26A00377C4A /* Resources */,
			);
			buildRules = (
			);
			dependencies = (
				21ED3A611F12E26A00377C4A /* PBXTargetDependency */,
			);
			name = ScaryBugsTests;
			productName = ScaryBugsTests;
			productReference = 21ED3A5F1F12E26A00377C4A /* ScaryBugsTests.xctest */;
			productType = "com.apple.product-type.bundle.unit-test";
		};
		21ED3A691F12E26B00377C4A /* ScaryBugsUITests */ = {
			isa = PBXNativeTarget;
			buildConfigurationList = 21ED3A791F12E26B00377C4A /* Build configuration list for PBXNativeTarget "ScaryBugsUITests" */;
			buildPhases = (
				21ED3A661F12E26B00377C4A /* Sources */,
				21ED3A671F12E26B00377C4A /* Frameworks */,
				21ED3A681F12E26B00377C4A /* Resources */,
			);
			buildRules = (
			);
			dependencies = (
				21ED3A6C1F12E26B00377C4A /* PBXTargetDependency */,
			);
			name = ScaryBugsUITests;
			productName = ScaryBugsUITests;
			productReference = 21ED3A6A1F12E26B00377C4A /* ScaryBugsUITests.xctest */;
			productType = "com.apple.product-type.bundle.ui-testing";
		};
/* End PBXNativeTarget section */

/* Begin PBXProject section */
		21ED3A3B1F12E26A00377C4A /* Project object */ = {
			isa = PBXProject;
			attributes = {
				LastUpgradeCheck = 0730;
				ORGANIZATIONNAME = Bhuvana;
				TargetAttributes = {
					21ED3A421F12E26A00377C4A = {
						CreatedOnToolsVersion = 7.3.1;
					};
					21ED3A5E1F12E26A00377C4A = {
						CreatedOnToolsVersion = 7.3.1;
						TestTargetID = 21ED3A421F12E26A00377C4A;
					};
					21ED3A691F12E26B00377C4A = {
						CreatedOnToolsVersion = 7.3.1;
						TestTargetID = 21ED3A421F12E26A00377C4A;
					};
				};
			};
			buildConfigurationList = 21ED3A3E1F12E26A00377C4A /* Build configuration list for PBXProject "ScaryBugs" */;
			compatibilityVersion = "Xcode 3.2";
			developmentRegion = English;
			hasScannedForEncodings = 0;
			knownRegions = (
				en,
				Base,
			);
			mainGroup = 21ED3A3A1F12E26A00377C4A;
			productRefGroup = 21ED3A441F12E26A00377C4A /* Products */;
			projectDirPath = "";
			projectRoot = "";
			targets = (
				21ED3A421F12E26A00377C4A /* ScaryBugs */,
				21ED3A5E1F12E26A00377C4A /* ScaryBugsTests */,
				21ED3A691F12E26B00377C4A /* ScaryBugsUITests */,
			);
		};
/* End PBXProject section */

/* Begin PBXResourcesBuildPhase section */
		21ED3A411F12E26A00377C4A /* Resources */ = {
			isa = PBXResourcesBuildPhase;
			buildActionMask = 2147483647;
			files = (
				21ED3A591F12E26A00377C4A /* LaunchScreen.storyboard in Resources */,
				21ED3A561F12E26A00377C4A /* Assets.xcassets in Resources */,
				21ED3A541F12E26A00377C4A /* Main.storyboard in Resources */,
			);
			runOnlyForDeploymentPostprocessing = 0;
		};
		21ED3A5D1F12E26A00377C4A /* Resources */ = {
			isa = PBXResourcesBuildPhase;
			buildActionMask = 2147483647;
			files = (
			);
			runOnlyForDeploymentPostprocessing = 0;
		};
		21ED3A681F12E26B00377C4A /* Resources */ = {
			isa = PBXResourcesBuildPhase;
			buildActionMask = 2147483647;
			files = (
			);
			runOnlyForDeploymentPostprocessing = 0;
		};
/* End PBXResourcesBuildPhase section */

/* Begin PBXSourcesBuildPhase section */
		21ED3A3F1F12E26A00377C4A /* Sources */ = {
			isa = PBXSourcesBuildPhase;
			buildActionMask = 2147483647;
			files = (
				21ED3A4B1F12E26A00377C4A /* AppDelegate.m in Sources */,
				21ED3A4E1F12E26A00377C4A /* MasterViewController.m in Sources */,
				21ED3A481F12E26A00377C4A /* main.m in Sources */,
				21ED3A511F12E26A00377C4A /* DetailViewController.m in Sources */,
			);
			runOnlyForDeploymentPostprocessing = 0;
		};
		21ED3A5B1F12E26A00377C4A /* Sources */ = {
			isa = PBXSourcesBuildPhase;
			buildActionMask = 2147483647;
			files = (
				21ED3A641F12E26B00377C4A /* ScaryBugsTests.m in Sources */,
			);
			runOnlyForDeploymentPostprocessing = 0;
		};
		21ED3A661F12E26B00377C4A /* Sources */ = {
			isa = PBXSourcesBuildPhase;
			buildActionMask = 2147483647;
			files = (
				21ED3A6F1F12E26B00377C4A /* ScaryBugsUITests.m in Sources */,
			);
			runOnlyForDeploymentPostprocessing = 0;
		};
/* End PBXSourcesBuildPhase section */

/* Begin PBXTargetDependency section */
		21ED3A611F12E26A00377C4A /* PBXTargetDependency */ = {
			isa = PBXTargetDependency;
			target = 21ED3A421F12E26A00377C4A /* ScaryBugs */;
			targetProxy = 21ED3A601F12E26A00377C4A /* PBXContainerItemProxy */;
		};
		21ED3A6C1F12E26B00377C4A /* PBXTargetDependency */ = {
			isa = PBXTargetDependency;
			target = 21ED3A421F12E26A00377C4A /* ScaryBugs */;
			targetProxy = 21ED3A6B1F12E26B00377C4A /* PBXContainerItemProxy */;
		};
/* End PBXTargetDependency section */

/* Begin PBXVariantGroup section */
		21ED3A521F12E26A00377C4A /* Main.storyboard */ = {
			isa = PBXVariantGroup;
			children = (
				21ED3A531F12E26A00377C4A /* Base */,
			);
			name = Main.storyboard;
			sourceTree = "<group>";
		};
		21ED3A571F12E26A00377C4A /* LaunchScreen.storyboard */ = {
			isa = PBXVariantGroup;
			children = (
				21ED3A581F12E26A00377C4A /* Base */,
			);
			name = LaunchScreen.storyboard;
			sourceTree = "<group>";
		};
/* End PBXVariantGroup section */

/* Begin XCBuildConfiguration section */
		21ED3A711F12E26B00377C4A /* Debug */ = {
			isa = XCBuildConfiguration;
			buildSettings = {
				ALWAYS_SEARCH_USER_PATHS = NO;
				CLANG_ANALYZER_NONNULL = YES;
				CLANG_CXX_LANGUAGE_STANDARD = "gnu++0x";
				CLANG_CXX_LIBRARY = "libc++";
				CLANG_ENABLE_MODULES = YES;
				CLANG_ENABLE_OBJC_ARC = YES;
				CLANG_WARN_BOOL_CONVERSION = YES;
				CLANG_WARN_CONSTANT_CONVERSION = YES;
				CLANG_WARN_DIRECT_OBJC_ISA_USAGE = YES_ERROR;
				CLANG_WARN_EMPTY_BODY = YES;
				CLANG_WARN_ENUM_CONVERSION = YES;
				CLANG_WARN_INT_CONVERSION = YES;
				CLANG_WARN_OBJC_ROOT_CLASS = YES_ERROR;
				CLANG_WARN_UNREACHABLE_CODE = YES;
				CLANG_WARN__DUPLICATE_METHOD_MATCH = YES;
				"CODE_SIGN_IDENTITY[sdk=iphoneos*]" = "iPhone Developer";
				COPY_PHASE_STRIP = NO;
				DEBUG_INFORMATION_FORMAT = dwarf;
				ENABLE_STRICT_OBJC_MSGSEND = YES;
				ENABLE_TESTABILITY = YES;
				GCC_C_LANGUAGE_STANDARD = gnu99;
				GCC_DYNAMIC_NO_PIC = NO;
				GCC_NO_COMMON_BLOCKS = YES;
				GCC_OPTIMIZATION_LEVEL = 0;
				GCC_PREPROCESSOR_DEFINITIONS = (
					"DEBUG=1",
					"$(inherited)",
				);
				GCC_WARN_64_TO_32_BIT_CONVERSION = YES;
				GCC_WARN_ABOUT_RETURN_TYPE = YES_ERROR;
				GCC_WARN_UNDECLARED_SELECTOR = YES;
				GCC_WARN_UNINITIALIZED_AUTOS = YES_AGGRESSIVE;
				GCC_WARN_UNUSED_FUNCTION = YES;
				GCC_WARN_UNUSED_VARIABLE = YES;
				IPHONEOS_DEPLOYMENT_TARGET = 9.3;
				MTL_ENABLE_DEBUG_INFO = YES;
				ONLY_ACTIVE_ARCH = YES;
				SDKROOT = iphoneos;
				TARGETED_DEVICE_FAMILY = "1,2";
			};
			name = Debug;
		};
		21ED3A721F12E26B00377C4A /* Release */ = {
			isa = XCBuildConfiguration;
			buildSettings = {
				ALWAYS_SEARCH_USER_PATHS = NO;
				CLANG_ANALYZER_NONNULL = YES;
				CLANG_CXX_LANGUAGE_STANDARD = "gnu++0x";
				CLANG_CXX_LIBRARY = "libc++";
				CLANG_ENABLE_MODULES = YES;
				CLANG_ENABLE_OBJC_ARC = YES;
				CLANG_WARN_BOOL_CONVERSION = YES;
				CLANG_WARN_CONSTANT_CONVERSION = YES;
				CLANG_WARN_DIRECT_OBJC_ISA_USAGE = YES_ERROR;
				CLANG_WARN_EMPTY_BODY = YES;
				CLANG_WARN_ENUM_CONVERSION = YES;
				CLANG_WARN_INT_CONVERSION = YES;
				CLANG_WARN_OBJC_ROOT_CLASS = YES_ERROR;
				CLANG_WARN_UNREACHABLE_CODE = YES;
				CLANG_WARN__DUPLICATE_METHOD_MATCH = YES;
				"CODE_SIGN_IDENTITY[sdk=iphoneos*]" = "iPhone Developer";
				COPY_PHASE_STRIP = NO;
				DEBUG_INFORMATION_FORMAT = "dwarf-with-dsym";
				ENABLE_NS_ASSERTIONS = NO;
				ENABLE_STRICT_OBJC_MSGSEND = YES;
				GCC_C_LANGUAGE_STANDARD = gnu99;
				GCC_NO_COMMON_BLOCKS = YES;
				GCC_WARN_64_TO_32_BIT_CONVERSION = YES;
				GCC_WARN_ABOUT_RETURN_TYPE = YES_ERROR;
				GCC_WARN_UNDECLARED_SELECTOR = YES;
				GCC_WARN_UNINITIALIZED_AUTOS = YES_AGGRESSIVE;
				GCC_WARN_UNUSED_FUNCTION = YES;
				GCC_WARN_UNUSED_VARIABLE = YES;
				IPHONEOS_DEPLOYMENT_TARGET = 9.3;
				MTL_ENABLE_DEBUG_INFO = NO;
				SDKROOT = iphoneos;
				TARGETED_DEVICE_FAMILY = "1,2";
				VALIDATE_PRODUCT = YES;
			};
			name = Release;
		};
		21ED3A741F12E26B00377C4A /* Debug */ = {
			isa = XCBuildConfiguration;
			buildSettings = {
				ASSETCATALOG_COMPILER_APPICON_NAME = AppIcon;
				INFOPLIST_FILE = ScaryBugs/Info.plist;
				LD_RUNPATH_SEARCH_PATHS = "$(inherited) @executable_path/Frameworks";
				PRODUCT_BUNDLE_IDENTIFIER = com.razeware.ScaryBugs;
				PRODUCT_NAME = "$(TARGET_NAME)";
			};
			name = Debug;
		};
		21ED3A751F12E26B00377C4A /* Release */ = {
			isa = XCBuildConfiguration;
			buildSettings = {
				ASSETCATALOG_COMPILER_APPICON_NAME = AppIcon;
				INFOPLIST_FILE = ScaryBugs/Info.plist;
				LD_RUNPATH_SEARCH_PATHS = "$(inherited) @executable_path/Frameworks";
				PRODUCT_BUNDLE_IDENTIFIER = com.razeware.ScaryBugs;
				PRODUCT_NAME = "$(TARGET_NAME)";
			};
			name = Release;
		};
		21ED3A771F12E26B00377C4A /* Debug */ = {
			isa = XCBuildConfiguration;
			buildSettings = {
				BUNDLE_LOADER = "$(TEST_HOST)";
				INFOPLIST_FILE = ScaryBugsTests/Info.plist;
				LD_RUNPATH_SEARCH_PATHS = "$(inherited) @executable_path/Frameworks @loader_path/Frameworks";
				PRODUCT_BUNDLE_IDENTIFIER = com.razeware.ScaryBugsTests;
				PRODUCT_NAME = "$(TARGET_NAME)";
				TEST_HOST = "$(BUILT_PRODUCTS_DIR)/ScaryBugs.app/ScaryBugs";
			};
			name = Debug;
		};
		21ED3A781F12E26B00377C4A /* Release */ = {
			isa = XCBuildConfiguration;
			buildSettings = {
				BUNDLE_LOADER = "$(TEST_HOST)";
				INFOPLIST_FILE = ScaryBugsTests/Info.plist;
				LD_RUNPATH_SEARCH_PATHS = "$(inherited) @executable_path/Frameworks @loader_path/Frameworks";
				PRODUCT_BUNDLE_IDENTIFIER = com.razeware.ScaryBugsTests;
				PRODUCT_NAME = "$(TARGET_NAME)";
				TEST_HOST = "$(BUILT_PRODUCTS_DIR)/ScaryBugs.app/ScaryBugs";
			};
			name = Release;
		};
		21ED3A7A1F12E26B00377C4A /* Debug */ = {
			isa = XCBuildConfiguration;
			buildSettings = {
				INFOPLIST_FILE = ScaryBugsUITests/Info.plist;
				LD_RUNPATH_SEARCH_PATHS = "$(inherited) @executable_path/Frameworks @loader_path/Frameworks";
				PRODUCT_BUNDLE_IDENTIFIER = com.razeware.ScaryBugsUITests;
				PRODUCT_NAME = "$(TARGET_NAME)";
				TEST_TARGET_NAME = ScaryBugs;
			};
			name = Debug;
		};
		21ED3A7B1F12E26B00377C4A /* Release */ = {
			isa = XCBuildConfiguration;
			buildSettings = {
				INFOPLIST_FILE = ScaryBugsUITests/Info.plist;
				LD_RUNPATH_SEARCH_PATHS = "$(inherited) @executable_path/Frameworks @loader_path/Frameworks";
				PRODUCT_BUNDLE_IDENTIFIER = com.razeware.ScaryBugsUITests;
				PRODUCT_NAME = "$(TARGET_NAME)";
				TEST_TARGET_NAME = ScaryBugs;
			};
			name = Release;
		};
/* End XCBuildConfiguration section */

/* Begin XCConfigurationList section */
		21ED3A3E1F12E26A00377C4A /* Build configuration list for PBXProject "ScaryBugs" */ = {
			isa = XCConfigurationList;
			buildConfigurations = (
				21ED3A711F12E26B00377C4A /* Debug */,
				21ED3A721F12E26B00377C4A /* Release */,
			);
			defaultConfigurationIsVisible = 0;
			defaultConfigurationName = Release;
		};
		21ED3A731F12E26B00377C4A /* Build configuration list for PBXNativeTarget "ScaryBugs" */ = {
			isa = XCConfigurationList;
			buildConfigurations = (
				21ED3A741F12E26B00377C4A /* Debug */,
				21ED3A751F12E26B00377C4A /* Release */,
			);
			defaultConfigurationIsVisible = 0;
		};
		21ED3A761F12E26B00377C4A /* Build configuration list for PBXNativeTarget "ScaryBugsTests" */ = {
			isa = XCConfigurationList;
			buildConfigurations = (
				21ED3A771F12E26B00377C4A /* Debug */,
				21ED3A781F12E26B00377C4A /* Release */,
			);
			defaultConfigurationIsVisible = 0;
		};
		21ED3A791F12E26B00377C4A /* Build configuration list for PBXNativeTarget "ScaryBugsUITests" */ = {
			isa = XCConfigurationList;
			buildConfigurations = (
				21ED3A7A1F12E26B00377C4A /* Debug */,
				21ED3A7B1F12E26B00377C4A /* Release */,
			);
			defaultConfigurationIsVisible = 0;
		};
/* End XCConfigurationList section */
	};
	rootObject = 21ED3A3B1F12E26A00377C4A /* Project object */;
}
